// !$*UTF8*$!
{
	archiveVersion = 1;
	classes = {
	};
	objectVersion = 56;
	objects = {

/* Begin PBXBuildFile section */
		04BF4D8C2BA05139006620CE /* AppDelegate.swift in Sources */ = {isa = PBXBuildFile; fileRef = 04BF4D8B2BA05139006620CE /* AppDelegate.swift */; };
		04BF4D8E2BA05139006620CE /* SceneDelegate.swift in Sources */ = {isa = PBXBuildFile; fileRef = 04BF4D8D2BA05139006620CE /* SceneDelegate.swift */; };
		04BF4D902BA05139006620CE /* ViewController.swift in Sources */ = {isa = PBXBuildFile; fileRef = 04BF4D8F2BA05139006620CE /* ViewController.swift */; };
		04BF4D952BA0513A006620CE /* Assets.xcassets in Resources */ = {isa = PBXBuildFile; fileRef = 04BF4D942BA0513A006620CE /* Assets.xcassets */; };
		04BF4D982BA0513A006620CE /* Base in Resources */ = {isa = PBXBuildFile; fileRef = 04BF4D972BA0513A006620CE /* Base */; };
		04BF4DAF2BA19BCA006620CE /* DailyBoxOfficeModel.swift in Sources */ = {isa = PBXBuildFile; fileRef = 04BF4DAE2BA19BCA006620CE /* DailyBoxOfficeModel.swift */; };
		04BF4DB12BA19C3D006620CE /* MovieInfoModel.swift in Sources */ = {isa = PBXBuildFile; fileRef = 04BF4DB02BA19C3D006620CE /* MovieInfoModel.swift */; };
		04BF4DB42BA2E7B2006620CE /* URLSession.swift in Sources */ = {isa = PBXBuildFile; fileRef = 04BF4DB32BA2E7B2006620CE /* URLSession.swift */; };
		04BF4DB82BA2E957006620CE /* NetworkService.swift in Sources */ = {isa = PBXBuildFile; fileRef = 04BF4DB72BA2E957006620CE /* NetworkService.swift */; };
		04BF4DBD2BA2E9FD006620CE /* NetworkError.swift in Sources */ = {isa = PBXBuildFile; fileRef = 04BF4DBC2BA2E9FD006620CE /* NetworkError.swift */; };
		04BF4DBF2BA2EB29006620CE /* KoficAPIKey.plist in Resources */ = {isa = PBXBuildFile; fileRef = 04BF4DBE2BA2EB29006620CE /* KoficAPIKey.plist */; };
		04BF4DC62BA2EFCF006620CE /* NetworkServiceProtocol.swift in Sources */ = {isa = PBXBuildFile; fileRef = 04BF4DC52BA2EFCF006620CE /* NetworkServiceProtocol.swift */; };
		04BF4DCC2BA5169E006620CE /* EndpointType.swift in Sources */ = {isa = PBXBuildFile; fileRef = 04BF4DCB2BA5169E006620CE /* EndpointType.swift */; };
		04BF4DD82BA5912F006620CE /* FetchDailyBoxOfficeUseCase.swift in Sources */ = {isa = PBXBuildFile; fileRef = 04BF4DD72BA5912F006620CE /* FetchDailyBoxOfficeUseCase.swift */; };
		04BF4DE02BA59A7F006620CE /* Bundle+APIKey.swift in Sources */ = {isa = PBXBuildFile; fileRef = 04BF4DDF2BA59A7F006620CE /* Bundle+APIKey.swift */; };
		04BF4DE32BA5B116006620CE /* URLRequestConvertible.swift in Sources */ = {isa = PBXBuildFile; fileRef = 04BF4DE22BA5B116006620CE /* URLRequestConvertible.swift */; };
		04BF4DE52BA5B264006620CE /* Date.swift in Sources */ = {isa = PBXBuildFile; fileRef = 04BF4DE42BA5B264006620CE /* Date.swift */; };
		04BF4DE72BA5B4CC006620CE /* HTTPMethodType.swift in Sources */ = {isa = PBXBuildFile; fileRef = 04BF4DE62BA5B4CC006620CE /* HTTPMethodType.swift */; };
		04BF4DEF2BA5B93E006620CE /* MovieFinderTests.swift in Sources */ = {isa = PBXBuildFile; fileRef = 04BF4DEE2BA5B93E006620CE /* MovieFinderTests.swift */; };
		04BF4E062BAAD469006620CE /* NetworkRepository.swift in Sources */ = {isa = PBXBuildFile; fileRef = 04BF4E052BAAD469006620CE /* NetworkRepository.swift */; };
		04BF4E0C2BAB18A3006620CE /* NetworkRepositoryProtocol.swift in Sources */ = {isa = PBXBuildFile; fileRef = 04BF4E0B2BAB18A3006620CE /* NetworkRepositoryProtocol.swift */; };
		04BF4E112BAC1E14006620CE /* DailyBoxOfficeRequestDTO.swift in Sources */ = {isa = PBXBuildFile; fileRef = 04BF4E102BAC1E14006620CE /* DailyBoxOfficeRequestDTO.swift */; };
		04BF4E132BAC1E2C006620CE /* MovieInfoRequestDTO.swift in Sources */ = {isa = PBXBuildFile; fileRef = 04BF4E122BAC1E2C006620CE /* MovieInfoRequestDTO.swift */; };
		04BF4E162BAC1FF6006620CE /* RepositoryError.swift in Sources */ = {isa = PBXBuildFile; fileRef = 04BF4E152BAC1FF6006620CE /* RepositoryError.swift */; };
/* End PBXBuildFile section */

/* Begin PBXContainerItemProxy section */
		04BF4DF02BA5B93E006620CE /* PBXContainerItemProxy */ = {
			isa = PBXContainerItemProxy;
			containerPortal = 04BF4D802BA05139006620CE /* Project object */;
			proxyType = 1;
			remoteGlobalIDString = 04BF4D872BA05139006620CE;
			remoteInfo = MovieFinder;
		};
/* End PBXContainerItemProxy section */

/* Begin PBXFileReference section */
		04BF4D882BA05139006620CE /* MovieFinder.app */ = {isa = PBXFileReference; explicitFileType = wrapper.application; includeInIndex = 0; path = MovieFinder.app; sourceTree = BUILT_PRODUCTS_DIR; };
		04BF4D8B2BA05139006620CE /* AppDelegate.swift */ = {isa = PBXFileReference; lastKnownFileType = sourcecode.swift; path = AppDelegate.swift; sourceTree = "<group>"; };
		04BF4D8D2BA05139006620CE /* SceneDelegate.swift */ = {isa = PBXFileReference; lastKnownFileType = sourcecode.swift; path = SceneDelegate.swift; sourceTree = "<group>"; };
		04BF4D8F2BA05139006620CE /* ViewController.swift */ = {isa = PBXFileReference; lastKnownFileType = sourcecode.swift; path = ViewController.swift; sourceTree = "<group>"; };
		04BF4D942BA0513A006620CE /* Assets.xcassets */ = {isa = PBXFileReference; lastKnownFileType = folder.assetcatalog; path = Assets.xcassets; sourceTree = "<group>"; };
		04BF4D972BA0513A006620CE /* Base */ = {isa = PBXFileReference; lastKnownFileType = file.storyboard; name = Base; path = Base.lproj/LaunchScreen.storyboard; sourceTree = "<group>"; };
		04BF4D992BA0513A006620CE /* Info.plist */ = {isa = PBXFileReference; lastKnownFileType = text.plist.xml; path = Info.plist; sourceTree = "<group>"; };
		04BF4DAE2BA19BCA006620CE /* DailyBoxOfficeModel.swift */ = {isa = PBXFileReference; lastKnownFileType = sourcecode.swift; path = DailyBoxOfficeModel.swift; sourceTree = "<group>"; };
		04BF4DB02BA19C3D006620CE /* MovieInfoModel.swift */ = {isa = PBXFileReference; lastKnownFileType = sourcecode.swift; path = MovieInfoModel.swift; sourceTree = "<group>"; };
		04BF4DB32BA2E7B2006620CE /* URLSession.swift */ = {isa = PBXFileReference; lastKnownFileType = sourcecode.swift; path = URLSession.swift; sourceTree = "<group>"; };
		04BF4DB72BA2E957006620CE /* NetworkService.swift */ = {isa = PBXFileReference; lastKnownFileType = sourcecode.swift; path = NetworkService.swift; sourceTree = "<group>"; };
		04BF4DBC2BA2E9FD006620CE /* NetworkError.swift */ = {isa = PBXFileReference; lastKnownFileType = sourcecode.swift; path = NetworkError.swift; sourceTree = "<group>"; };
		04BF4DBE2BA2EB29006620CE /* KoficAPIKey.plist */ = {isa = PBXFileReference; lastKnownFileType = text.plist.xml; path = KoficAPIKey.plist; sourceTree = "<group>"; };
		04BF4DC52BA2EFCF006620CE /* NetworkServiceProtocol.swift */ = {isa = PBXFileReference; lastKnownFileType = sourcecode.swift; path = NetworkServiceProtocol.swift; sourceTree = "<group>"; };
		04BF4DCA2BA336E2006620CE /* README.md */ = {isa = PBXFileReference; lastKnownFileType = net.daringfireball.markdown; path = README.md; sourceTree = "<group>"; };
		04BF4DCB2BA5169E006620CE /* EndpointType.swift */ = {isa = PBXFileReference; lastKnownFileType = sourcecode.swift; path = EndpointType.swift; sourceTree = "<group>"; };
		04BF4DD72BA5912F006620CE /* FetchDailyBoxOfficeUseCase.swift */ = {isa = PBXFileReference; lastKnownFileType = sourcecode.swift; path = FetchDailyBoxOfficeUseCase.swift; sourceTree = "<group>"; };
		04BF4DDF2BA59A7F006620CE /* Bundle+APIKey.swift */ = {isa = PBXFileReference; lastKnownFileType = sourcecode.swift; path = "Bundle+APIKey.swift"; sourceTree = "<group>"; };
		04BF4DE22BA5B116006620CE /* URLRequestConvertible.swift */ = {isa = PBXFileReference; lastKnownFileType = sourcecode.swift; path = URLRequestConvertible.swift; sourceTree = "<group>"; };
		04BF4DE42BA5B264006620CE /* Date.swift */ = {isa = PBXFileReference; lastKnownFileType = sourcecode.swift; path = Date.swift; sourceTree = "<group>"; };
		04BF4DE62BA5B4CC006620CE /* HTTPMethodType.swift */ = {isa = PBXFileReference; lastKnownFileType = sourcecode.swift; path = HTTPMethodType.swift; sourceTree = "<group>"; };
		04BF4DEC2BA5B93E006620CE /* MovieFinderTests.xctest */ = {isa = PBXFileReference; explicitFileType = wrapper.cfbundle; includeInIndex = 0; path = MovieFinderTests.xctest; sourceTree = BUILT_PRODUCTS_DIR; };
		04BF4DEE2BA5B93E006620CE /* MovieFinderTests.swift */ = {isa = PBXFileReference; lastKnownFileType = sourcecode.swift; path = MovieFinderTests.swift; sourceTree = "<group>"; };
		04BF4E052BAAD469006620CE /* NetworkRepository.swift */ = {isa = PBXFileReference; lastKnownFileType = sourcecode.swift; path = NetworkRepository.swift; sourceTree = "<group>"; };
		04BF4E0B2BAB18A3006620CE /* NetworkRepositoryProtocol.swift */ = {isa = PBXFileReference; lastKnownFileType = sourcecode.swift; path = NetworkRepositoryProtocol.swift; sourceTree = "<group>"; };
		04BF4E102BAC1E14006620CE /* DailyBoxOfficeRequestDTO.swift */ = {isa = PBXFileReference; lastKnownFileType = sourcecode.swift; path = DailyBoxOfficeRequestDTO.swift; sourceTree = "<group>"; };
		04BF4E122BAC1E2C006620CE /* MovieInfoRequestDTO.swift */ = {isa = PBXFileReference; lastKnownFileType = sourcecode.swift; path = MovieInfoRequestDTO.swift; sourceTree = "<group>"; };
		04BF4E152BAC1FF6006620CE /* RepositoryError.swift */ = {isa = PBXFileReference; lastKnownFileType = sourcecode.swift; path = RepositoryError.swift; sourceTree = "<group>"; };
/* End PBXFileReference section */

/* Begin PBXFrameworksBuildPhase section */
		04BF4D852BA05139006620CE /* Frameworks */ = {
			isa = PBXFrameworksBuildPhase;
			buildActionMask = 2147483647;
			files = (
			);
			runOnlyForDeploymentPostprocessing = 0;
		};
		04BF4DE92BA5B93E006620CE /* Frameworks */ = {
			isa = PBXFrameworksBuildPhase;
			buildActionMask = 2147483647;
			files = (
			);
			runOnlyForDeploymentPostprocessing = 0;
		};
/* End PBXFrameworksBuildPhase section */

/* Begin PBXGroup section */
		04BF4D7F2BA05139006620CE = {
			isa = PBXGroup;
			children = (
				04BF4DCA2BA336E2006620CE /* README.md */,
				04BF4D8A2BA05139006620CE /* MovieFinder */,
				04BF4DED2BA5B93E006620CE /* MovieFinderTests */,
				04BF4D892BA05139006620CE /* Products */,
			);
			sourceTree = "<group>";
		};
		04BF4D892BA05139006620CE /* Products */ = {
			isa = PBXGroup;
			children = (
				04BF4D882BA05139006620CE /* MovieFinder.app */,
				04BF4DEC2BA5B93E006620CE /* MovieFinderTests.xctest */,
			);
			name = Products;
			sourceTree = "<group>";
		};
		04BF4D8A2BA05139006620CE /* MovieFinder */ = {
			isa = PBXGroup;
			children = (
				04BF4D942BA0513A006620CE /* Assets.xcassets */,
				04BF4D962BA0513A006620CE /* LaunchScreen.storyboard */,
				04BF4D992BA0513A006620CE /* Info.plist */,
				04BF4D9F2BA051E8006620CE /* Presentation */,
				04BF4DA02BA0520F006620CE /* Domain */,
				04BF4DA12BA05214006620CE /* Data */,
			);
			path = MovieFinder;
			sourceTree = "<group>";
		};
		04BF4D9F2BA051E8006620CE /* Presentation */ = {
			isa = PBXGroup;
			children = (
				04BF4D8B2BA05139006620CE /* AppDelegate.swift */,
				04BF4D8D2BA05139006620CE /* SceneDelegate.swift */,
				04BF4D8F2BA05139006620CE /* ViewController.swift */,
			);
			path = Presentation;
			sourceTree = "<group>";
		};
		04BF4DA02BA0520F006620CE /* Domain */ = {
			isa = PBXGroup;
			children = (
				04BF4DD22BA5909F006620CE /* UseCases */,
				04BF4DAD2BA1978C006620CE /* DTOs */,
			);
			path = Domain;
			sourceTree = "<group>";
		};
		04BF4DA12BA05214006620CE /* Data */ = {
			isa = PBXGroup;
			children = (
				04BF4DAB2BA1961D006620CE /* Repository */,
				04BF4DA62BA0BD7A006620CE /* Network */,
				04BF4E072BAB0DC7006620CE /* Database */,
			);
			path = Data;
			sourceTree = "<group>";
		};
		04BF4DA62BA0BD7A006620CE /* Network */ = {
			isa = PBXGroup;
			children = (
				04BF4DBE2BA2EB29006620CE /* KoficAPIKey.plist */,
				04BF4DC72BA2F174006620CE /* Error */,
				04BF4DB22BA2E797006620CE /* Extensions */,
				04BF4DA82BA0BDA5006620CE /* Implementation */,
				04BF4DA72BA0BD8D006620CE /* Interface */,
			);
			path = Network;
			sourceTree = "<group>";
		};
		04BF4DA72BA0BD8D006620CE /* Interface */ = {
			isa = PBXGroup;
			children = (
				04BF4DC52BA2EFCF006620CE /* NetworkServiceProtocol.swift */,
				04BF4DE22BA5B116006620CE /* URLRequestConvertible.swift */,
			);
			path = Interface;
			sourceTree = "<group>";
		};
		04BF4DA82BA0BDA5006620CE /* Implementation */ = {
			isa = PBXGroup;
			children = (
				04BF4DB72BA2E957006620CE /* NetworkService.swift */,
				04BF4DCB2BA5169E006620CE /* EndpointType.swift */,
				04BF4DE62BA5B4CC006620CE /* HTTPMethodType.swift */,
			);
			path = Implementation;
			sourceTree = "<group>";
		};
		04BF4DAB2BA1961D006620CE /* Repository */ = {
			isa = PBXGroup;
			children = (
				04BF4E142BAC1FEA006620CE /* Error */,
				04BF4E0F2BAC09AD006620CE /* Entities */,
				04BF4E0A2BAB1887006620CE /* Implementation */,
				04BF4E092BAB1882006620CE /* Interface */,
			);
			path = Repository;
			sourceTree = "<group>";
		};
		04BF4DAD2BA1978C006620CE /* DTOs */ = {
			isa = PBXGroup;
			children = (
				04BF4E182BAC29BE006620CE /* ResponseDTO */,
				04BF4E172BAC29B6006620CE /* RequestDTO */,
			);
			path = DTOs;
			sourceTree = "<group>";
		};
		04BF4DB22BA2E797006620CE /* Extensions */ = {
			isa = PBXGroup;
			children = (
				04BF4DB32BA2E7B2006620CE /* URLSession.swift */,
				04BF4DE42BA5B264006620CE /* Date.swift */,
				04BF4DDF2BA59A7F006620CE /* Bundle+APIKey.swift */,
			);
			path = Extensions;
			sourceTree = "<group>";
		};
		04BF4DC72BA2F174006620CE /* Error */ = {
			isa = PBXGroup;
			children = (
				04BF4DBC2BA2E9FD006620CE /* NetworkError.swift */,
			);
			path = Error;
			sourceTree = "<group>";
		};
		04BF4DD22BA5909F006620CE /* UseCases */ = {
			isa = PBXGroup;
			children = (
				04BF4DD62BA59111006620CE /* Implementation */,
				04BF4DD32BA590AC006620CE /* Interface */,
			);
			path = UseCases;
			sourceTree = "<group>";
		};
		04BF4DD32BA590AC006620CE /* Interface */ = {
			isa = PBXGroup;
			children = (
			);
			path = Interface;
			sourceTree = "<group>";
		};
		04BF4DD62BA59111006620CE /* Implementation */ = {
			isa = PBXGroup;
			children = (
				04BF4DD72BA5912F006620CE /* FetchDailyBoxOfficeUseCase.swift */,
			);
			path = Implementation;
			sourceTree = "<group>";
		};
		04BF4DED2BA5B93E006620CE /* MovieFinderTests */ = {
			isa = PBXGroup;
			children = (
				04BF4DEE2BA5B93E006620CE /* MovieFinderTests.swift */,
			);
			path = MovieFinderTests;
			sourceTree = "<group>";
		};
		04BF4E072BAB0DC7006620CE /* Database */ = {
			isa = PBXGroup;
			children = (
			);
			path = Database;
			sourceTree = "<group>";
		};
		04BF4E092BAB1882006620CE /* Interface */ = {
			isa = PBXGroup;
			children = (
				04BF4E0B2BAB18A3006620CE /* NetworkRepositoryProtocol.swift */,
			);
			path = Interface;
			sourceTree = "<group>";
		};
		04BF4E0A2BAB1887006620CE /* Implementation */ = {
			isa = PBXGroup;
			children = (
				04BF4E052BAAD469006620CE /* NetworkRepository.swift */,
			);
			path = Implementation;
			sourceTree = "<group>";
		};
		04BF4E0F2BAC09AD006620CE /* Entities */ = {
			isa = PBXGroup;
			children = (
				04BF4DAE2BA19BCA006620CE /* DailyBoxOfficeModel.swift */,
				04BF4DB02BA19C3D006620CE /* MovieInfoModel.swift */,
			);
			path = Entities;
			sourceTree = "<group>";
		};
		04BF4E142BAC1FEA006620CE /* Error */ = {
			isa = PBXGroup;
			children = (
				04BF4E152BAC1FF6006620CE /* RepositoryError.swift */,
			);
			path = Error;
			sourceTree = "<group>";
		};
		04BF4E172BAC29B6006620CE /* RequestDTO */ = {
			isa = PBXGroup;
			children = (
				04BF4E102BAC1E14006620CE /* DailyBoxOfficeRequestDTO.swift */,
				04BF4E122BAC1E2C006620CE /* MovieInfoRequestDTO.swift */,
			);
			path = RequestDTO;
			sourceTree = "<group>";
		};
		04BF4E182BAC29BE006620CE /* ResponseDTO */ = {
			isa = PBXGroup;
			children = (
			);
			path = ResponseDTO;
			sourceTree = "<group>";
		};
/* End PBXGroup section */

/* Begin PBXNativeTarget section */
		04BF4D872BA05139006620CE /* MovieFinder */ = {
			isa = PBXNativeTarget;
			buildConfigurationList = 04BF4D9C2BA0513A006620CE /* Build configuration list for PBXNativeTarget "MovieFinder" */;
			buildPhases = (
				04BF4D842BA05139006620CE /* Sources */,
				04BF4D852BA05139006620CE /* Frameworks */,
				04BF4D862BA05139006620CE /* Resources */,
			);
			buildRules = (
			);
			dependencies = (
			);
			name = MovieFinder;
			productName = MovieFinder;
			productReference = 04BF4D882BA05139006620CE /* MovieFinder.app */;
			productType = "com.apple.product-type.application";
		};
		04BF4DEB2BA5B93E006620CE /* MovieFinderTests */ = {
			isa = PBXNativeTarget;
			buildConfigurationList = 04BF4DF22BA5B93E006620CE /* Build configuration list for PBXNativeTarget "MovieFinderTests" */;
			buildPhases = (
				04BF4DE82BA5B93E006620CE /* Sources */,
				04BF4DE92BA5B93E006620CE /* Frameworks */,
				04BF4DEA2BA5B93E006620CE /* Resources */,
			);
			buildRules = (
			);
			dependencies = (
				04BF4DF12BA5B93E006620CE /* PBXTargetDependency */,
			);
			name = MovieFinderTests;
			productName = MovieFinderTests;
			productReference = 04BF4DEC2BA5B93E006620CE /* MovieFinderTests.xctest */;
			productType = "com.apple.product-type.bundle.unit-test";
		};
/* End PBXNativeTarget section */

/* Begin PBXProject section */
		04BF4D802BA05139006620CE /* Project object */ = {
			isa = PBXProject;
			attributes = {
				BuildIndependentTargetsInParallel = 1;
				LastSwiftUpdateCheck = 1530;
				LastUpgradeCheck = 1530;
				TargetAttributes = {
					04BF4D872BA05139006620CE = {
						CreatedOnToolsVersion = 15.3;
					};
					04BF4DEB2BA5B93E006620CE = {
						CreatedOnToolsVersion = 15.3;
						TestTargetID = 04BF4D872BA05139006620CE;
					};
				};
			};
			buildConfigurationList = 04BF4D832BA05139006620CE /* Build configuration list for PBXProject "MovieFinder" */;
			compatibilityVersion = "Xcode 14.0";
			developmentRegion = en;
			hasScannedForEncodings = 0;
			knownRegions = (
				en,
				Base,
			);
			mainGroup = 04BF4D7F2BA05139006620CE;
			productRefGroup = 04BF4D892BA05139006620CE /* Products */;
			projectDirPath = "";
			projectRoot = "";
			targets = (
				04BF4D872BA05139006620CE /* MovieFinder */,
				04BF4DEB2BA5B93E006620CE /* MovieFinderTests */,
			);
		};
/* End PBXProject section */

/* Begin PBXResourcesBuildPhase section */
		04BF4D862BA05139006620CE /* Resources */ = {
			isa = PBXResourcesBuildPhase;
			buildActionMask = 2147483647;
			files = (
				04BF4D952BA0513A006620CE /* Assets.xcassets in Resources */,
				04BF4DBF2BA2EB29006620CE /* KoficAPIKey.plist in Resources */,
				04BF4D982BA0513A006620CE /* Base in Resources */,
			);
			runOnlyForDeploymentPostprocessing = 0;
		};
		04BF4DEA2BA5B93E006620CE /* Resources */ = {
			isa = PBXResourcesBuildPhase;
			buildActionMask = 2147483647;
			files = (
			);
			runOnlyForDeploymentPostprocessing = 0;
		};
/* End PBXResourcesBuildPhase section */

/* Begin PBXSourcesBuildPhase section */
		04BF4D842BA05139006620CE /* Sources */ = {
			isa = PBXSourcesBuildPhase;
			buildActionMask = 2147483647;
			files = (
				04BF4DB82BA2E957006620CE /* NetworkService.swift in Sources */,
				04BF4D902BA05139006620CE /* ViewController.swift in Sources */,
				04BF4DB42BA2E7B2006620CE /* URLSession.swift in Sources */,
				04BF4DE52BA5B264006620CE /* Date.swift in Sources */,
				04BF4D8C2BA05139006620CE /* AppDelegate.swift in Sources */,
				04BF4E162BAC1FF6006620CE /* RepositoryError.swift in Sources */,
				04BF4DB12BA19C3D006620CE /* MovieInfoModel.swift in Sources */,
				04BF4DE72BA5B4CC006620CE /* HTTPMethodType.swift in Sources */,
				04BF4DE32BA5B116006620CE /* URLRequestConvertible.swift in Sources */,
				04BF4DAF2BA19BCA006620CE /* DailyBoxOfficeModel.swift in Sources */,
				04BF4DE02BA59A7F006620CE /* Bundle+APIKey.swift in Sources */,
				04BF4DC62BA2EFCF006620CE /* NetworkServiceProtocol.swift in Sources */,
				04BF4E062BAAD469006620CE /* NetworkRepository.swift in Sources */,
				04BF4D8E2BA05139006620CE /* SceneDelegate.swift in Sources */,
				04BF4DD82BA5912F006620CE /* FetchDailyBoxOfficeUseCase.swift in Sources */,
				04BF4DCC2BA5169E006620CE /* EndpointType.swift in Sources */,
				04BF4E132BAC1E2C006620CE /* MovieInfoRequestDTO.swift in Sources */,
				04BF4E112BAC1E14006620CE /* DailyBoxOfficeRequestDTO.swift in Sources */,
				04BF4DBD2BA2E9FD006620CE /* NetworkError.swift in Sources */,
				04BF4E0C2BAB18A3006620CE /* NetworkRepositoryProtocol.swift in Sources */,
			);
			runOnlyForDeploymentPostprocessing = 0;
		};
		04BF4DE82BA5B93E006620CE /* Sources */ = {
			isa = PBXSourcesBuildPhase;
			buildActionMask = 2147483647;
			files = (
				04BF4DEF2BA5B93E006620CE /* MovieFinderTests.swift in Sources */,
			);
			runOnlyForDeploymentPostprocessing = 0;
		};
/* End PBXSourcesBuildPhase section */

/* Begin PBXTargetDependency section */
		04BF4DF12BA5B93E006620CE /* PBXTargetDependency */ = {
			isa = PBXTargetDependency;
			target = 04BF4D872BA05139006620CE /* MovieFinder */;
			targetProxy = 04BF4DF02BA5B93E006620CE /* PBXContainerItemProxy */;
		};
/* End PBXTargetDependency section */

/* Begin PBXVariantGroup section */
		04BF4D962BA0513A006620CE /* LaunchScreen.storyboard */ = {
			isa = PBXVariantGroup;
			children = (
				04BF4D972BA0513A006620CE /* Base */,
			);
			name = LaunchScreen.storyboard;
			sourceTree = "<group>";
		};
/* End PBXVariantGroup section */

/* Begin XCBuildConfiguration section */
		04BF4D9A2BA0513A006620CE /* Debug */ = {
			isa = XCBuildConfiguration;
			buildSettings = {
				ALWAYS_SEARCH_USER_PATHS = NO;
				ASSETCATALOG_COMPILER_GENERATE_SWIFT_ASSET_SYMBOL_EXTENSIONS = YES;
				CLANG_ANALYZER_NONNULL = YES;
				CLANG_ANALYZER_NUMBER_OBJECT_CONVERSION = YES_AGGRESSIVE;
				CLANG_CXX_LANGUAGE_STANDARD = "gnu++20";
				CLANG_ENABLE_MODULES = YES;
				CLANG_ENABLE_OBJC_ARC = YES;
				CLANG_ENABLE_OBJC_WEAK = YES;
				CLANG_WARN_BLOCK_CAPTURE_AUTORELEASING = YES;
				CLANG_WARN_BOOL_CONVERSION = YES;
				CLANG_WARN_COMMA = YES;
				CLANG_WARN_CONSTANT_CONVERSION = YES;
				CLANG_WARN_DEPRECATED_OBJC_IMPLEMENTATIONS = YES;
				CLANG_WARN_DIRECT_OBJC_ISA_USAGE = YES_ERROR;
				CLANG_WARN_DOCUMENTATION_COMMENTS = YES;
				CLANG_WARN_EMPTY_BODY = YES;
				CLANG_WARN_ENUM_CONVERSION = YES;
				CLANG_WARN_INFINITE_RECURSION = YES;
				CLANG_WARN_INT_CONVERSION = YES;
				CLANG_WARN_NON_LITERAL_NULL_CONVERSION = YES;
				CLANG_WARN_OBJC_IMPLICIT_RETAIN_SELF = YES;
				CLANG_WARN_OBJC_LITERAL_CONVERSION = YES;
				CLANG_WARN_OBJC_ROOT_CLASS = YES_ERROR;
				CLANG_WARN_QUOTED_INCLUDE_IN_FRAMEWORK_HEADER = YES;
				CLANG_WARN_RANGE_LOOP_ANALYSIS = YES;
				CLANG_WARN_STRICT_PROTOTYPES = YES;
				CLANG_WARN_SUSPICIOUS_MOVE = YES;
				CLANG_WARN_UNGUARDED_AVAILABILITY = YES_AGGRESSIVE;
				CLANG_WARN_UNREACHABLE_CODE = YES;
				CLANG_WARN__DUPLICATE_METHOD_MATCH = YES;
				COPY_PHASE_STRIP = NO;
				DEBUG_INFORMATION_FORMAT = dwarf;
				ENABLE_STRICT_OBJC_MSGSEND = YES;
				ENABLE_TESTABILITY = YES;
				ENABLE_USER_SCRIPT_SANDBOXING = YES;
				GCC_C_LANGUAGE_STANDARD = gnu17;
				GCC_DYNAMIC_NO_PIC = NO;
				GCC_NO_COMMON_BLOCKS = YES;
				GCC_OPTIMIZATION_LEVEL = 0;
				GCC_PREPROCESSOR_DEFINITIONS = (
					"DEBUG=1",
					"$(inherited)",
				);
				GCC_WARN_64_TO_32_BIT_CONVERSION = YES;
				GCC_WARN_ABOUT_RETURN_TYPE = YES_ERROR;
				GCC_WARN_UNDECLARED_SELECTOR = YES;
				GCC_WARN_UNINITIALIZED_AUTOS = YES_AGGRESSIVE;
				GCC_WARN_UNUSED_FUNCTION = YES;
				GCC_WARN_UNUSED_VARIABLE = YES;
				IPHONEOS_DEPLOYMENT_TARGET = 17.4;
				LOCALIZATION_PREFERS_STRING_CATALOGS = YES;
				MTL_ENABLE_DEBUG_INFO = INCLUDE_SOURCE;
				MTL_FAST_MATH = YES;
				ONLY_ACTIVE_ARCH = YES;
				SDKROOT = iphoneos;
				SWIFT_ACTIVE_COMPILATION_CONDITIONS = "DEBUG $(inherited)";
				SWIFT_OPTIMIZATION_LEVEL = "-Onone";
			};
			name = Debug;
		};
		04BF4D9B2BA0513A006620CE /* Release */ = {
			isa = XCBuildConfiguration;
			buildSettings = {
				ALWAYS_SEARCH_USER_PATHS = NO;
				ASSETCATALOG_COMPILER_GENERATE_SWIFT_ASSET_SYMBOL_EXTENSIONS = YES;
				CLANG_ANALYZER_NONNULL = YES;
				CLANG_ANALYZER_NUMBER_OBJECT_CONVERSION = YES_AGGRESSIVE;
				CLANG_CXX_LANGUAGE_STANDARD = "gnu++20";
				CLANG_ENABLE_MODULES = YES;
				CLANG_ENABLE_OBJC_ARC = YES;
				CLANG_ENABLE_OBJC_WEAK = YES;
				CLANG_WARN_BLOCK_CAPTURE_AUTORELEASING = YES;
				CLANG_WARN_BOOL_CONVERSION = YES;
				CLANG_WARN_COMMA = YES;
				CLANG_WARN_CONSTANT_CONVERSION = YES;
				CLANG_WARN_DEPRECATED_OBJC_IMPLEMENTATIONS = YES;
				CLANG_WARN_DIRECT_OBJC_ISA_USAGE = YES_ERROR;
				CLANG_WARN_DOCUMENTATION_COMMENTS = YES;
				CLANG_WARN_EMPTY_BODY = YES;
				CLANG_WARN_ENUM_CONVERSION = YES;
				CLANG_WARN_INFINITE_RECURSION = YES;
				CLANG_WARN_INT_CONVERSION = YES;
				CLANG_WARN_NON_LITERAL_NULL_CONVERSION = YES;
				CLANG_WARN_OBJC_IMPLICIT_RETAIN_SELF = YES;
				CLANG_WARN_OBJC_LITERAL_CONVERSION = YES;
				CLANG_WARN_OBJC_ROOT_CLASS = YES_ERROR;
				CLANG_WARN_QUOTED_INCLUDE_IN_FRAMEWORK_HEADER = YES;
				CLANG_WARN_RANGE_LOOP_ANALYSIS = YES;
				CLANG_WARN_STRICT_PROTOTYPES = YES;
				CLANG_WARN_SUSPICIOUS_MOVE = YES;
				CLANG_WARN_UNGUARDED_AVAILABILITY = YES_AGGRESSIVE;
				CLANG_WARN_UNREACHABLE_CODE = YES;
				CLANG_WARN__DUPLICATE_METHOD_MATCH = YES;
				COPY_PHASE_STRIP = NO;
				DEBUG_INFORMATION_FORMAT = "dwarf-with-dsym";
				ENABLE_NS_ASSERTIONS = NO;
				ENABLE_STRICT_OBJC_MSGSEND = YES;
				ENABLE_USER_SCRIPT_SANDBOXING = YES;
				GCC_C_LANGUAGE_STANDARD = gnu17;
				GCC_NO_COMMON_BLOCKS = YES;
				GCC_WARN_64_TO_32_BIT_CONVERSION = YES;
				GCC_WARN_ABOUT_RETURN_TYPE = YES_ERROR;
				GCC_WARN_UNDECLARED_SELECTOR = YES;
				GCC_WARN_UNINITIALIZED_AUTOS = YES_AGGRESSIVE;
				GCC_WARN_UNUSED_FUNCTION = YES;
				GCC_WARN_UNUSED_VARIABLE = YES;
				IPHONEOS_DEPLOYMENT_TARGET = 17.4;
				LOCALIZATION_PREFERS_STRING_CATALOGS = YES;
				MTL_ENABLE_DEBUG_INFO = NO;
				MTL_FAST_MATH = YES;
				SDKROOT = iphoneos;
				SWIFT_COMPILATION_MODE = wholemodule;
				VALIDATE_PRODUCT = YES;
			};
			name = Release;
		};
		04BF4D9D2BA0513A006620CE /* Debug */ = {
			isa = XCBuildConfiguration;
			buildSettings = {
				ASSETCATALOG_COMPILER_APPICON_NAME = AppIcon;
				ASSETCATALOG_COMPILER_GLOBAL_ACCENT_COLOR_NAME = AccentColor;
				CODE_SIGN_STYLE = Automatic;
				CURRENT_PROJECT_VERSION = 1;
				DEVELOPMENT_TEAM = P85DW78LYM;
				GENERATE_INFOPLIST_FILE = YES;
				INFOPLIST_FILE = MovieFinder/Info.plist;
				INFOPLIST_KEY_UIApplicationSupportsIndirectInputEvents = YES;
				INFOPLIST_KEY_UILaunchStoryboardName = LaunchScreen;
				INFOPLIST_KEY_UISupportedInterfaceOrientations = UIInterfaceOrientationPortrait;
				INFOPLIST_KEY_UISupportedInterfaceOrientations_iPad = "UIInterfaceOrientationLandscapeLeft UIInterfaceOrientationLandscapeRight UIInterfaceOrientationPortrait UIInterfaceOrientationPortraitUpsideDown";
				IPHONEOS_DEPLOYMENT_TARGET = 16.0;
				LD_RUNPATH_SEARCH_PATHS = (
					"$(inherited)",
					"@executable_path/Frameworks",
				);
				MARKETING_VERSION = 1.0;
				PRODUCT_BUNDLE_IDENTIFIER = SwainYun.MovieFinder;
				PRODUCT_NAME = "$(TARGET_NAME)";
				SUPPORTED_PLATFORMS = "iphoneos iphonesimulator";
				SUPPORTS_MACCATALYST = NO;
				SUPPORTS_MAC_DESIGNED_FOR_IPHONE_IPAD = NO;
				SUPPORTS_XR_DESIGNED_FOR_IPHONE_IPAD = NO;
				SWIFT_EMIT_LOC_STRINGS = YES;
				SWIFT_VERSION = 5.0;
				TARGETED_DEVICE_FAMILY = 1;
			};
			name = Debug;
		};
		04BF4D9E2BA0513A006620CE /* Release */ = {
			isa = XCBuildConfiguration;
			buildSettings = {
				ASSETCATALOG_COMPILER_APPICON_NAME = AppIcon;
				ASSETCATALOG_COMPILER_GLOBAL_ACCENT_COLOR_NAME = AccentColor;
				CODE_SIGN_STYLE = Automatic;
				CURRENT_PROJECT_VERSION = 1;
				DEVELOPMENT_TEAM = P85DW78LYM;
				GENERATE_INFOPLIST_FILE = YES;
				INFOPLIST_FILE = MovieFinder/Info.plist;
				INFOPLIST_KEY_UIApplicationSupportsIndirectInputEvents = YES;
				INFOPLIST_KEY_UILaunchStoryboardName = LaunchScreen;
				INFOPLIST_KEY_UISupportedInterfaceOrientations = UIInterfaceOrientationPortrait;
				INFOPLIST_KEY_UISupportedInterfaceOrientations_iPad = "UIInterfaceOrientationLandscapeLeft UIInterfaceOrientationLandscapeRight UIInterfaceOrientationPortrait UIInterfaceOrientationPortraitUpsideDown";
				IPHONEOS_DEPLOYMENT_TARGET = 16.0;
				LD_RUNPATH_SEARCH_PATHS = (
					"$(inherited)",
					"@executable_path/Frameworks",
				);
				MARKETING_VERSION = 1.0;
				PRODUCT_BUNDLE_IDENTIFIER = SwainYun.MovieFinder;
				PRODUCT_NAME = "$(TARGET_NAME)";
				SUPPORTED_PLATFORMS = "iphoneos iphonesimulator";
				SUPPORTS_MACCATALYST = NO;
				SUPPORTS_MAC_DESIGNED_FOR_IPHONE_IPAD = NO;
				SUPPORTS_XR_DESIGNED_FOR_IPHONE_IPAD = NO;
				SWIFT_EMIT_LOC_STRINGS = YES;
				SWIFT_VERSION = 5.0;
				TARGETED_DEVICE_FAMILY = 1;
			};
			name = Release;
		};
		04BF4DF32BA5B93E006620CE /* Debug */ = {
			isa = XCBuildConfiguration;
			buildSettings = {
				BUNDLE_LOADER = "$(TEST_HOST)";
				CODE_SIGN_STYLE = Automatic;
				CURRENT_PROJECT_VERSION = 1;
				DEVELOPMENT_TEAM = P85DW78LYM;
				GENERATE_INFOPLIST_FILE = YES;
				IPHONEOS_DEPLOYMENT_TARGET = 16.0;
				MARKETING_VERSION = 1.0;
				PRODUCT_BUNDLE_IDENTIFIER = SwainYun.MovieFinderTests;
				PRODUCT_NAME = "$(TARGET_NAME)";
				SUPPORTED_PLATFORMS = "iphoneos iphonesimulator";
				SUPPORTS_MACCATALYST = NO;
				SUPPORTS_MAC_DESIGNED_FOR_IPHONE_IPAD = NO;
				SUPPORTS_XR_DESIGNED_FOR_IPHONE_IPAD = NO;
				SWIFT_EMIT_LOC_STRINGS = NO;
				SWIFT_VERSION = 5.0;
				TARGETED_DEVICE_FAMILY = 1;
				TEST_HOST = "$(BUILT_PRODUCTS_DIR)/MovieFinder.app/$(BUNDLE_EXECUTABLE_FOLDER_PATH)/MovieFinder";
			};
			name = Debug;
		};
		04BF4DF42BA5B93E006620CE /* Release */ = {
			isa = XCBuildConfiguration;
			buildSettings = {
				BUNDLE_LOADER = "$(TEST_HOST)";
				CODE_SIGN_STYLE = Automatic;
				CURRENT_PROJECT_VERSION = 1;
				DEVELOPMENT_TEAM = P85DW78LYM;
				GENERATE_INFOPLIST_FILE = YES;
				IPHONEOS_DEPLOYMENT_TARGET = 16.0;
				MARKETING_VERSION = 1.0;
				PRODUCT_BUNDLE_IDENTIFIER = SwainYun.MovieFinderTests;
				PRODUCT_NAME = "$(TARGET_NAME)";
				SUPPORTED_PLATFORMS = "iphoneos iphonesimulator";
				SUPPORTS_MACCATALYST = NO;
				SUPPORTS_MAC_DESIGNED_FOR_IPHONE_IPAD = NO;
				SUPPORTS_XR_DESIGNED_FOR_IPHONE_IPAD = NO;
				SWIFT_EMIT_LOC_STRINGS = NO;
				SWIFT_VERSION = 5.0;
				TARGETED_DEVICE_FAMILY = 1;
				TEST_HOST = "$(BUILT_PRODUCTS_DIR)/MovieFinder.app/$(BUNDLE_EXECUTABLE_FOLDER_PATH)/MovieFinder";
			};
			name = Release;
		};
/* End XCBuildConfiguration section */

/* Begin XCConfigurationList section */
		04BF4D832BA05139006620CE /* Build configuration list for PBXProject "MovieFinder" */ = {
			isa = XCConfigurationList;
			buildConfigurations = (
				04BF4D9A2BA0513A006620CE /* Debug */,
				04BF4D9B2BA0513A006620CE /* Release */,
			);
			defaultConfigurationIsVisible = 0;
			defaultConfigurationName = Release;
		};
		04BF4D9C2BA0513A006620CE /* Build configuration list for PBXNativeTarget "MovieFinder" */ = {
			isa = XCConfigurationList;
			buildConfigurations = (
				04BF4D9D2BA0513A006620CE /* Debug */,
				04BF4D9E2BA0513A006620CE /* Release */,
			);
			defaultConfigurationIsVisible = 0;
			defaultConfigurationName = Release;
		};
		04BF4DF22BA5B93E006620CE /* Build configuration list for PBXNativeTarget "MovieFinderTests" */ = {
			isa = XCConfigurationList;
			buildConfigurations = (
				04BF4DF32BA5B93E006620CE /* Debug */,
				04BF4DF42BA5B93E006620CE /* Release */,
			);
			defaultConfigurationIsVisible = 0;
			defaultConfigurationName = Release;
		};
/* End XCConfigurationList section */
	};
	rootObject = 04BF4D802BA05139006620CE /* Project object */;
}
